
Microsoft Visual Studio Solution File, Format Version 12.00
# Visual Studio 2013
Project("{FAE04EC0-301F-11D3-BF4B-00C04F79EFBC}") = "UnityVS.TestNewAB.CSharp", "UnityVS.TestNewAB.CSharp.csproj", "{C68F5A8D-806C-D1DA-B200-DBF56CD6B23C}"
EndProject
Project("{FAE04EC0-301F-11D3-BF4B-00C04F79EFBC}") = "UnityVS.TestNewAB.CSharp.Editor", "UnityVS.TestNewAB.CSharp.Editor.csproj", "{D595081B-309C-B457-799E-A8CD4A8F3C25}"
EndProject
Global
	GlobalSection(SolutionConfigurationPlatforms) = preSolution
		Debug|Any CPU = Debug|Any CPU
		Release|Any CPU = Release|Any CPU
	EndGlobalSection
	GlobalSection(ProjectConfigurationPlatforms) = postSolution
		{C68F5A8D-806C-D1DA-B200-DBF56CD6B23C}.Debug|Any CPU.ActiveCfg = Debug|Any CPU
		{C68F5A8D-806C-D1DA-B200-DBF56CD6B23C}.Debug|Any CPU.Build.0 = Debug|Any CPU
		{C68F5A8D-806C-D1DA-B200-DBF56CD6B23C}.Release|Any CPU.ActiveCfg = Release|Any CPU
		{C68F5A8D-806C-D1DA-B200-DBF56CD6B23C}.Release|Any CPU.Build.0 = Release|Any CPU
		{D595081B-309C-B457-799E-A8CD4A8F3C25}.Debug|Any CPU.ActiveCfg = Debug|Any CPU
		{D595081B-309C-B457-799E-A8CD4A8F3C25}.Debug|Any CPU.Build.0 = Debug|Any CPU
		{D595081B-309C-B457-799E-A8CD4A8F3C25}.Release|Any CPU.ActiveCfg = Release|Any CPU
		{D595081B-309C-B457-799E-A8CD4A8F3C25}.Release|Any CPU.Build.0 = Release|Any CPU
	EndGlobalSection
	GlobalSection(SolutionProperties) = preSolution
		HideSolutionNode = FALSE
	EndGlobalSection
EndGlobal
